# THIS IS AN AUTOGENERATED FILE. DO NOT EDIT THIS FILE DIRECTLY.
# yarn lockfile v1


color-diff@^1.1.0:
  version "1.2.0"
  resolved "https://registry.yarnpkg.com/color-diff/-/color-diff-1.2.0.tgz#01a7c806de47dbd5ae571da49e65489666c999a7"
  integrity sha512-FN7iLBCfb97ElJU2AQXbBAFXPbKmu0XJjPU9GWWmUkIbXka+Im8Q5w1geiL9GB+AktJ4pIA6nRZD1+TlEG6/rA==

hex-rgb@^1.0.0:
  version "1.0.0"
  resolved "https://registry.yarnpkg.com/hex-rgb/-/hex-rgb-1.0.0.tgz#532275697cb9823e052429b184c6781d46cfdf49"
  integrity sha1-UyJ1aXy5gj4FJCmxhMZ4HUbP30k=

prettier@^2.0.5:
  version "2.0.5"
  resolved "https://registry.yarnpkg.com/prettier/-/prettier-2.0.5.tgz#d6d56282455243f2f92cc1716692c08aa31522d4"
  integrity sha512-7PtVymN48hGcO4fGjybyBSIWDsLU4H4XlvOHfq91pz9kkGlonzwTfYkaIEwiRg/dAJF9YlbsduBAgtYLi+8cFg==

rgb-hex@^2.1.0:
  version "2.1.0"
  resolved "https://registry.yarnpkg.com/rgb-hex/-/rgb-hex-2.1.0.tgz#c773c5fe2268a25578d92539a82a7a5ce53beda6"
  integrity sha1-x3PF/iJoolV42SU5qCp6XOU77aY=

uglify-js@^3.10.0:
  version "3.10.0"
  resolved "https://registry.yarnpkg.com/uglify-js/-/uglify-js-3.10.0.tgz#397a7e6e31ce820bfd1cb55b804ee140c587a9e7"
  integrity sha512-Esj5HG5WAyrLIdYU74Z3JdG2PxdIusvj6IWHMtlyESxc7kcDz7zYlYjpnSokn1UbpV0d/QX9fan7gkCNd/9BQA==
